{
  "name": "houseclay",
  "lockfileVersion": 3,
  "requires": true,
  "packages": {
    "": {
      "dependencies": {
        "react-international-phone": "^4.6.0"
      }
    },
    "node_modules/react": {
      "version": "19.2.0",
      "resolved": "https://registry.npmjs.org/react/-/react-19.2.0.tgz",
      "integrity": "sha512-tmbWg6W31tQLeB5cdIBOicJDJRR2KzXsV7uSK9iNfLWQ5bIZfxuPEHp7M8wiHyHnn0DD1i7w3Zmin0FtkrwoCQ==",
      "license": "MIT",
      "peer": true,
      "engines": {
        "node": ">=0.10.0"
      }
    },
    "node_modules/react-international-phone": {
      "version": "4.6.0",
      "resolved": "https://registry.npmjs.org/react-international-phone/-/react-international-phone-4.6.0.tgz",
      "integrity": "sha512-lzj5fLfACRKeaitggFIHWl6LM69aO2uivJbEVyVBjAe0+kkvZjToduqnK2/dm9Zu+l8XfVjd+Fn1ZAyG/t8XAg==",
      "license": "MIT",
      "peerDependencies": {
        "react": "^16.8.0 || ^17.0.0 || ^18.0.0 || ^19.0.0"
      }
    }
  }
}
